<?xml version="1.0" encoding="utf-8"?>
<Project ToolsVersion="4.0" xmlns="http://schemas.microsoft.com/developer/msbuild/2003">
  <ItemGroup>
    <Filter Include="Source Files">
      <UniqueIdentifier>{4FC737F1-C7A5-4376-A066-2A32D752A2FF}</UniqueIdentifier>
      <Extensions>cpp;cxx;c;def</Extensions>
    </Filter>
    <Filter Include="Header Files">
      <UniqueIdentifier>{93995380-89BD-4b04-88EB-625FBE52EBFB}</UniqueIdentifier>
      <Extensions>h</Extensions>
    </Filter>
    <Filter Include="Form Files">
      <UniqueIdentifier>{99349809-55BA-4b9d-BF79-8FDBB0286EB3}</UniqueIdentifier>
      <Extensions>ui</Extensions>
    </Filter>
    <Filter Include="Resource Files">
      <UniqueIdentifier>{D9D6E242-F8AF-46E4-B9FD-80ECBC20BA3E}</UniqueIdentifier>
      <Extensions>qrc;*</Extensions>
      <ParseFiles>false</ParseFiles>
    </Filter>
    <Filter Include="Generated Files">
      <UniqueIdentifier>{71ED8ED8-ACB9-4CE9-BBE1-E00B30144E11}</UniqueIdentifier>
      <Extensions>moc;h;cpp</Extensions>
      <SourceControlFiles>False</SourceControlFiles>
    </Filter>
    <Filter Include="Generated Files\Debug">
      <UniqueIdentifier>{908e6639-fdc1-49af-99ab-9007640c9d48}</UniqueIdentifier>
      <Extensions>cpp;moc</Extensions>
      <SourceControlFiles>False</SourceControlFiles>
    </Filter>
    <Filter Include="Generated Files\Release">
      <UniqueIdentifier>{c3e0305d-3894-4dfb-b124-af5f433198db}</UniqueIdentifier>
      <Extensions>cpp;moc</Extensions>
      <SourceControlFiles>False</SourceControlFiles>
    </Filter>
    <Filter Include="shader">
      <UniqueIdentifier>{d1afe8ad-0c26-4fb6-8f50-3d4eacb30b64}</UniqueIdentifier>
    </Filter>
    <Filter Include="Header Files\graphcut">
      <UniqueIdentifier>{e51bf02a-1d48-4f14-a703-ce86c884d4ce}</UniqueIdentifier>
    </Filter>
    <Filter Include="Source Files\graphcut">
      <UniqueIdentifier>{74584e81-034a-4fd9-afb6-869affaa986b}</UniqueIdentifier>
    </Filter>
  </ItemGroup>
  <ItemGroup>
    <ClCompile Include="main.cpp">
      <Filter>Source Files</Filter>
    </ClCompile>
    <ClCompile Include="Present.cpp">
      <Filter>Source Files</Filter>
    </ClCompile>
    <ClCompile Include="GeneratedFiles\Debug\moc_Present.cpp">
      <Filter>Generated Files\Debug</Filter>
    </ClCompile>
    <ClCompile Include="GeneratedFiles\Release\moc_Present.cpp">
      <Filter>Generated Files\Release</Filter>
    </ClCompile>
    <ClCompile Include="GeneratedFiles\qrc_present.cpp">
      <Filter>Generated Files</Filter>
    </ClCompile>
    <ClCompile Include="GeneratedFiles\Debug\moc_QPropertyItem.cpp">
      <Filter>Generated Files\Debug</Filter>
    </ClCompile>
    <ClCompile Include="GeneratedFiles\Release\moc_QPropertyItem.cpp">
      <Filter>Generated Files\Release</Filter>
    </ClCompile>
    <ClCompile Include="GeneratedFiles\Debug\moc_QRenderHoverPoints.cpp">
      <Filter>Generated Files\Debug</Filter>
    </ClCompile>
    <ClCompile Include="GeneratedFiles\Release\moc_QRenderHoverPoints.cpp">
      <Filter>Generated Files\Release</Filter>
    </ClCompile>
    <ClCompile Include="GeneratedFiles\Debug\moc_QTransferFunction1DItem.cpp">
      <Filter>Generated Files\Debug</Filter>
    </ClCompile>
    <ClCompile Include="GeneratedFiles\Release\moc_QTransferFunction1DItem.cpp">
      <Filter>Generated Files\Release</Filter>
    </ClCompile>
    <ClCompile Include="GeneratedFiles\Debug\moc_TransferFunction1DWidget.cpp">
      <Filter>Generated Files\Debug</Filter>
    </ClCompile>
    <ClCompile Include="GeneratedFiles\Release\moc_TransferFunction1DWidget.cpp">
      <Filter>Generated Files\Release</Filter>
    </ClCompile>
    <ClCompile Include="GeneratedFiles\Debug\moc_VolumeRenderPanel.cpp">
      <Filter>Generated Files\Debug</Filter>
    </ClCompile>
    <ClCompile Include="GeneratedFiles\Release\moc_VolumeRenderPanel.cpp">
      <Filter>Generated Files\Release</Filter>
    </ClCompile>
    <ClCompile Include="AVSTable2D.cpp">
      <Filter>Source Files</Filter>
    </ClCompile>
    <ClCompile Include="GLSLProgram.cpp">
      <Filter>Source Files</Filter>
    </ClCompile>
    <ClCompile Include="QRenderHoverPoints.cpp">
      <Filter>Source Files</Filter>
    </ClCompile>
    <ClCompile Include="QTransferFunction1DItem.cpp">
      <Filter>Source Files</Filter>
    </ClCompile>
    <ClCompile Include="SLIC.cpp">
      <Filter>Source Files</Filter>
    </ClCompile>
    <ClCompile Include="Torus.cpp">
      <Filter>Source Files</Filter>
    </ClCompile>
    <ClCompile Include="TransferFunction1DWidget.cpp">
      <Filter>Source Files</Filter>
    </ClCompile>
    <ClCompile Include="VolumeRenderPanel.cpp">
      <Filter>Source Files</Filter>
    </ClCompile>
    <ClCompile Include="RunGuard.cpp">
      <Filter>Source Files</Filter>
    </ClCompile>
    <ClCompile Include="graphcut.cpp">
      <Filter>Source Files\graphcut</Filter>
    </ClCompile>
    <ClCompile Include="Camera.cpp">
      <Filter>Source Files</Filter>
    </ClCompile>
  </ItemGroup>
  <ItemGroup>
    <CustomBuild Include="Present.h">
      <Filter>Header Files</Filter>
    </CustomBuild>
    <CustomBuild Include="present.ui">
      <Filter>Form Files</Filter>
    </CustomBuild>
    <CustomBuild Include="present.qrc">
      <Filter>Resource Files</Filter>
    </CustomBuild>
    <CustomBuild Include="QPropertyItem.h">
      <Filter>Header Files</Filter>
    </CustomBuild>
    <CustomBuild Include="QRenderHoverPoints.h">
      <Filter>Header Files</Filter>
    </CustomBuild>
    <CustomBuild Include="QTransferFunction1DItem.h">
      <Filter>Header Files</Filter>
    </CustomBuild>
    <CustomBuild Include="TransferFunction1DWidget.h">
      <Filter>Header Files</Filter>
    </CustomBuild>
    <CustomBuild Include="VolumeRenderPanel.h">
      <Filter>Header Files</Filter>
    </CustomBuild>
  </ItemGroup>
  <ItemGroup>
    <ClInclude Include="GeneratedFiles\ui_present.h">
      <Filter>Generated Files</Filter>
    </ClInclude>
    <ClInclude Include="AVSTable2D.h">
      <Filter>Header Files</Filter>
    </ClInclude>
    <ClInclude Include="Camera.h">
      <Filter>Header Files</Filter>
    </ClInclude>
    <ClInclude Include="GLSLProgram.h">
      <Filter>Header Files</Filter>
    </ClInclude>
    <ClInclude Include="MarkPoint.h">
      <Filter>Header Files</Filter>
    </ClInclude>
    <ClInclude Include="Serializable.h">
      <Filter>Header Files</Filter>
    </ClInclude>
    <ClInclude Include="SLIC.h">
      <Filter>Header Files</Filter>
    </ClInclude>
    <ClInclude Include="Torus.h">
      <Filter>Header Files</Filter>
    </ClInclude>
    <ClInclude Include="Utility.h">
      <Filter>Header Files</Filter>
    </ClInclude>
    <ClInclude Include="RunGuard.h">
      <Filter>Header Files</Filter>
    </ClInclude>
    <ClInclude Include="graphcut.h">
      <Filter>Header Files\graphcut</Filter>
    </ClInclude>
    <ClInclude Include="bit_vector.h">
      <Filter>Header Files\graphcut</Filter>
    </ClInclude>
    <ClInclude Include="mat2bmp.h">
      <Filter>Header Files</Filter>
    </ClInclude>
  </ItemGroup>
  <ItemGroup>
    <None Include="compute.glsl">
      <Filter>shader</Filter>
    </None>
    <None Include="fbo_fragment.glsl">
      <Filter>shader</Filter>
    </None>
    <None Include="fbo_vertex.glsl">
      <Filter>shader</Filter>
    </None>
    <None Include="volume_fragment.glsl">
      <Filter>shader</Filter>
    </None>
    <None Include="volume_vertex.glsl">
      <Filter>shader</Filter>
    </None>
    <None Include="fragment_plane.glsl">
      <Filter>shader</Filter>
    </None>
    <None Include="vertex_plane.glsl">
      <Filter>shader</Filter>
    </None>
  </ItemGroup>
</Project>